
Microsoft Visual Studio Solution File, Format Version 12.00
# Visual Studio Version 16
VisualStudioVersion = 16.0.30413.136
MinimumVisualStudioVersion = 10.0.40219.1
Project("{FAE04EC0-301F-11D3-BF4B-00C04F79EFBC}") = "Where_Am_I", "Where_Am_I.csproj", "{00D1627F-1AA0-4305-B198-8CE1697DCBB0}"
EndProject
Global
	GlobalSection(SolutionConfigurationPlatforms) = preSolution
		Debug|Any CPU = Debug|Any CPU
		Release|Any CPU = Release|Any CPU
	EndGlobalSection
	GlobalSection(ProjectConfigurationPlatforms) = postSolution
		{00D1627F-1AA0-4305-B198-8CE1697DCBB0}.Debug|Any CPU.ActiveCfg = Debug|Any CPU
		{00D1627F-1AA0-4305-B198-8CE1697DCBB0}.Debug|Any CPU.Build.0 = Debug|Any CPU
		{00D1627F-1AA0-4305-B198-8CE1697DCBB0}.Release|Any CPU.ActiveCfg = Release|Any CPU
		{00D1627F-1AA0-4305-B198-8CE1697DCBB0}.Release|Any CPU.Build.0 = Release|Any CPU
	EndGlobalSection
	GlobalSection(SolutionProperties) = preSolution
		HideSolutionNode = FALSE
	EndGlobalSection
	GlobalSection(ExtensibilityGlobals) = postSolution
		SolutionGuid = {B71AFB34-97BC-4A23-9F78-A22EA1FFA65A}
	EndGlobalSection
EndGlobal
